
Microsoft Visual Studio Solution File, Format Version 12.00
# Visual Studio Version 17
VisualStudioVersion = 17.10.34928.147
MinimumVisualStudioVersion = 10.0.40219.1
Project("{FAE04EC0-301F-11D3-BF4B-00C04F79EFBC}") = "Validator", "Validator\Validator.csproj", "{B1526BE7-4D35-48D0-BE2E-D5FF2456538E}"
EndProject
Global
	GlobalSection(SolutionConfigurationPlatforms) = preSolution
		Debug|Any CPU = Debug|Any CPU
		Release|Any CPU = Release|Any CPU
	EndGlobalSection
	GlobalSection(ProjectConfigurationPlatforms) = postSolution
		{B1526BE7-4D35-48D0-BE2E-D5FF2456538E}.Debug|Any CPU.ActiveCfg = Debug|Any CPU
		{B1526BE7-4D35-48D0-BE2E-D5FF2456538E}.Debug|Any CPU.Build.0 = Debug|Any CPU
		{B1526BE7-4D35-48D0-BE2E-D5FF2456538E}.Release|Any CPU.ActiveCfg = Release|Any CPU
		{B1526BE7-4D35-48D0-BE2E-D5FF2456538E}.Release|Any CPU.Build.0 = Release|Any CPU
	EndGlobalSection
	GlobalSection(SolutionProperties) = preSolution
		HideSolutionNode = FALSE
	EndGlobalSection
	GlobalSection(ExtensibilityGlobals) = postSolution
		SolutionGuid = {72BE397E-FE47-4597-A281-32AAC9B0E840}
	EndGlobalSection
EndGlobal
