
Microsoft Visual Studio Solution File, Format Version 12.00
# Visual Studio Version 17
VisualStudioVersion = 17.10.34928.147
MinimumVisualStudioVersion = 10.0.40219.1
Project("{FAE04EC0-301F-11D3-BF4B-00C04F79EFBC}") = "Employee class with Empid", "Employee class with Empid\Employee class with Empid.csproj", "{A0F939D2-2037-42D5-866D-3264C20C9B67}"
EndProject
Global
	GlobalSection(SolutionConfigurationPlatforms) = preSolution
		Debug|Any CPU = Debug|Any CPU
		Release|Any CPU = Release|Any CPU
	EndGlobalSection
	GlobalSection(ProjectConfigurationPlatforms) = postSolution
		{A0F939D2-2037-42D5-866D-3264C20C9B67}.Debug|Any CPU.ActiveCfg = Debug|Any CPU
		{A0F939D2-2037-42D5-866D-3264C20C9B67}.Debug|Any CPU.Build.0 = Debug|Any CPU
		{A0F939D2-2037-42D5-866D-3264C20C9B67}.Release|Any CPU.ActiveCfg = Release|Any CPU
		{A0F939D2-2037-42D5-866D-3264C20C9B67}.Release|Any CPU.Build.0 = Release|Any CPU
	EndGlobalSection
	GlobalSection(SolutionProperties) = preSolution
		HideSolutionNode = FALSE
	EndGlobalSection
	GlobalSection(ExtensibilityGlobals) = postSolution
		SolutionGuid = {0D0CBC83-77E9-40BB-8960-624885D53559}
	EndGlobalSection
EndGlobal
