
Microsoft Visual Studio Solution File, Format Version 12.00
# Visual Studio Version 17
VisualStudioVersion = 17.10.34928.147
MinimumVisualStudioVersion = 10.0.40219.1
Project("{FAE04EC0-301F-11D3-BF4B-00C04F79EFBC}") = "Day_5_4 assignment", "Day_5_4 assignment\Day_5_4 assignment.csproj", "{C2B24A77-A8D1-4444-9A6C-BE52CDA49B9C}"
EndProject
Global
	GlobalSection(SolutionConfigurationPlatforms) = preSolution
		Debug|Any CPU = Debug|Any CPU
		Release|Any CPU = Release|Any CPU
	EndGlobalSection
	GlobalSection(ProjectConfigurationPlatforms) = postSolution
		{C2B24A77-A8D1-4444-9A6C-BE52CDA49B9C}.Debug|Any CPU.ActiveCfg = Debug|Any CPU
		{C2B24A77-A8D1-4444-9A6C-BE52CDA49B9C}.Debug|Any CPU.Build.0 = Debug|Any CPU
		{C2B24A77-A8D1-4444-9A6C-BE52CDA49B9C}.Release|Any CPU.ActiveCfg = Release|Any CPU
		{C2B24A77-A8D1-4444-9A6C-BE52CDA49B9C}.Release|Any CPU.Build.0 = Release|Any CPU
	EndGlobalSection
	GlobalSection(SolutionProperties) = preSolution
		HideSolutionNode = FALSE
	EndGlobalSection
	GlobalSection(ExtensibilityGlobals) = postSolution
		SolutionGuid = {C9D80083-F62B-46C6-9A16-647C6387F410}
	EndGlobalSection
EndGlobal
