
Microsoft Visual Studio Solution File, Format Version 12.00
# Visual Studio Version 17
VisualStudioVersion = 17.10.34928.147
MinimumVisualStudioVersion = 10.0.40219.1
Project("{FAE04EC0-301F-11D3-BF4B-00C04F79EFBC}") = "Doctor", "Doctor\Doctor.csproj", "{B3511BE3-BBF4-47C5-892F-26739D882DE0}"
EndProject
Global
	GlobalSection(SolutionConfigurationPlatforms) = preSolution
		Debug|Any CPU = Debug|Any CPU
		Release|Any CPU = Release|Any CPU
	EndGlobalSection
	GlobalSection(ProjectConfigurationPlatforms) = postSolution
		{B3511BE3-BBF4-47C5-892F-26739D882DE0}.Debug|Any CPU.ActiveCfg = Debug|Any CPU
		{B3511BE3-BBF4-47C5-892F-26739D882DE0}.Debug|Any CPU.Build.0 = Debug|Any CPU
		{B3511BE3-BBF4-47C5-892F-26739D882DE0}.Release|Any CPU.ActiveCfg = Release|Any CPU
		{B3511BE3-BBF4-47C5-892F-26739D882DE0}.Release|Any CPU.Build.0 = Release|Any CPU
	EndGlobalSection
	GlobalSection(SolutionProperties) = preSolution
		HideSolutionNode = FALSE
	EndGlobalSection
	GlobalSection(ExtensibilityGlobals) = postSolution
		SolutionGuid = {5D3FBAF3-C0E3-4528-8F1B-F611F585D868}
	EndGlobalSection
EndGlobal
