
Microsoft Visual Studio Solution File, Format Version 12.00
# Visual Studio Version 17
VisualStudioVersion = 17.10.34928.147
MinimumVisualStudioVersion = 10.0.40219.1
Project("{FAE04EC0-301F-11D3-BF4B-00C04F79EFBC}") = "Movies", "Movies\Movies.csproj", "{B352173C-27E9-4ED4-8485-06E11C04976A}"
EndProject
Global
	GlobalSection(SolutionConfigurationPlatforms) = preSolution
		Debug|Any CPU = Debug|Any CPU
		Release|Any CPU = Release|Any CPU
	EndGlobalSection
	GlobalSection(ProjectConfigurationPlatforms) = postSolution
		{B352173C-27E9-4ED4-8485-06E11C04976A}.Debug|Any CPU.ActiveCfg = Debug|Any CPU
		{B352173C-27E9-4ED4-8485-06E11C04976A}.Debug|Any CPU.Build.0 = Debug|Any CPU
		{B352173C-27E9-4ED4-8485-06E11C04976A}.Release|Any CPU.ActiveCfg = Release|Any CPU
		{B352173C-27E9-4ED4-8485-06E11C04976A}.Release|Any CPU.Build.0 = Release|Any CPU
	EndGlobalSection
	GlobalSection(SolutionProperties) = preSolution
		HideSolutionNode = FALSE
	EndGlobalSection
	GlobalSection(ExtensibilityGlobals) = postSolution
		SolutionGuid = {0FD4E69B-5B34-47E6-B25A-40EC8D337441}
	EndGlobalSection
EndGlobal
