
Microsoft Visual Studio Solution File, Format Version 12.00
# Visual Studio Version 17
VisualStudioVersion = 17.10.34928.147
MinimumVisualStudioVersion = 10.0.40219.1
Project("{FAE04EC0-301F-11D3-BF4B-00C04F79EFBC}") = "Day_5_7 assignment", "Day_5_7 assignment\Day_5_7 assignment.csproj", "{CB4F36EC-30CF-4F18-88DB-5C014274D468}"
EndProject
Global
	GlobalSection(SolutionConfigurationPlatforms) = preSolution
		Debug|Any CPU = Debug|Any CPU
		Release|Any CPU = Release|Any CPU
	EndGlobalSection
	GlobalSection(ProjectConfigurationPlatforms) = postSolution
		{CB4F36EC-30CF-4F18-88DB-5C014274D468}.Debug|Any CPU.ActiveCfg = Debug|Any CPU
		{CB4F36EC-30CF-4F18-88DB-5C014274D468}.Debug|Any CPU.Build.0 = Debug|Any CPU
		{CB4F36EC-30CF-4F18-88DB-5C014274D468}.Release|Any CPU.ActiveCfg = Release|Any CPU
		{CB4F36EC-30CF-4F18-88DB-5C014274D468}.Release|Any CPU.Build.0 = Release|Any CPU
	EndGlobalSection
	GlobalSection(SolutionProperties) = preSolution
		HideSolutionNode = FALSE
	EndGlobalSection
	GlobalSection(ExtensibilityGlobals) = postSolution
		SolutionGuid = {59A9FEEB-A9EA-477A-8D2C-907ABA2365F3}
	EndGlobalSection
EndGlobal
