
Microsoft Visual Studio Solution File, Format Version 12.00
# Visual Studio Version 17
VisualStudioVersion = 17.10.34928.147
MinimumVisualStudioVersion = 10.0.40219.1
Project("{FAE04EC0-301F-11D3-BF4B-00C04F79EFBC}") = "Name and age", "Name and age\Name and age.csproj", "{D792A2B1-9C5E-400B-853A-570B1082DD6F}"
EndProject
Global
	GlobalSection(SolutionConfigurationPlatforms) = preSolution
		Debug|Any CPU = Debug|Any CPU
		Release|Any CPU = Release|Any CPU
	EndGlobalSection
	GlobalSection(ProjectConfigurationPlatforms) = postSolution
		{D792A2B1-9C5E-400B-853A-570B1082DD6F}.Debug|Any CPU.ActiveCfg = Debug|Any CPU
		{D792A2B1-9C5E-400B-853A-570B1082DD6F}.Debug|Any CPU.Build.0 = Debug|Any CPU
		{D792A2B1-9C5E-400B-853A-570B1082DD6F}.Release|Any CPU.ActiveCfg = Release|Any CPU
		{D792A2B1-9C5E-400B-853A-570B1082DD6F}.Release|Any CPU.Build.0 = Release|Any CPU
	EndGlobalSection
	GlobalSection(SolutionProperties) = preSolution
		HideSolutionNode = FALSE
	EndGlobalSection
	GlobalSection(ExtensibilityGlobals) = postSolution
		SolutionGuid = {1C447D32-D2EE-4DFC-9C56-17910AF52DEE}
	EndGlobalSection
EndGlobal
