
Microsoft Visual Studio Solution File, Format Version 12.00
# Visual Studio Version 17
VisualStudioVersion = 17.10.34928.147
MinimumVisualStudioVersion = 10.0.40219.1
Project("{FAE04EC0-301F-11D3-BF4B-00C04F79EFBC}") = "Day_5_8 assignment", "Day_5_8 assignment\Day_5_8 assignment.csproj", "{3E6D7CCB-50D4-4E3B-ACFA-5457770D9B62}"
EndProject
Global
	GlobalSection(SolutionConfigurationPlatforms) = preSolution
		Debug|Any CPU = Debug|Any CPU
		Release|Any CPU = Release|Any CPU
	EndGlobalSection
	GlobalSection(ProjectConfigurationPlatforms) = postSolution
		{3E6D7CCB-50D4-4E3B-ACFA-5457770D9B62}.Debug|Any CPU.ActiveCfg = Debug|Any CPU
		{3E6D7CCB-50D4-4E3B-ACFA-5457770D9B62}.Debug|Any CPU.Build.0 = Debug|Any CPU
		{3E6D7CCB-50D4-4E3B-ACFA-5457770D9B62}.Release|Any CPU.ActiveCfg = Release|Any CPU
		{3E6D7CCB-50D4-4E3B-ACFA-5457770D9B62}.Release|Any CPU.Build.0 = Release|Any CPU
	EndGlobalSection
	GlobalSection(SolutionProperties) = preSolution
		HideSolutionNode = FALSE
	EndGlobalSection
	GlobalSection(ExtensibilityGlobals) = postSolution
		SolutionGuid = {382B1C93-5FBB-4C51-AFAD-AC88D435EAB9}
	EndGlobalSection
EndGlobal
