
Microsoft Visual Studio Solution File, Format Version 12.00
# Visual Studio Version 17
VisualStudioVersion = 17.10.34928.147
MinimumVisualStudioVersion = 10.0.40219.1
Project("{FAE04EC0-301F-11D3-BF4B-00C04F79EFBC}") = "Count the no. of occurrences of a letter", "Count the no. of occurrences of a letter\Count the no. of occurrences of a letter.csproj", "{EC41C655-8497-496D-BD7D-7B9AADDAEFE7}"
EndProject
Global
	GlobalSection(SolutionConfigurationPlatforms) = preSolution
		Debug|Any CPU = Debug|Any CPU
		Release|Any CPU = Release|Any CPU
	EndGlobalSection
	GlobalSection(ProjectConfigurationPlatforms) = postSolution
		{EC41C655-8497-496D-BD7D-7B9AADDAEFE7}.Debug|Any CPU.ActiveCfg = Debug|Any CPU
		{EC41C655-8497-496D-BD7D-7B9AADDAEFE7}.Debug|Any CPU.Build.0 = Debug|Any CPU
		{EC41C655-8497-496D-BD7D-7B9AADDAEFE7}.Release|Any CPU.ActiveCfg = Release|Any CPU
		{EC41C655-8497-496D-BD7D-7B9AADDAEFE7}.Release|Any CPU.Build.0 = Release|Any CPU
	EndGlobalSection
	GlobalSection(SolutionProperties) = preSolution
		HideSolutionNode = FALSE
	EndGlobalSection
	GlobalSection(ExtensibilityGlobals) = postSolution
		SolutionGuid = {44AC1442-CCB8-467E-86BA-1FB22534B0AD}
	EndGlobalSection
EndGlobal
