
Microsoft Visual Studio Solution File, Format Version 12.00
# Visual Studio Version 17
VisualStudioVersion = 17.10.34928.147
MinimumVisualStudioVersion = 10.0.40219.1
Project("{FAE04EC0-301F-11D3-BF4B-00C04F79EFBC}") = "Box that has Length and breadth", "Box that has Length and breadth\Box that has Length and breadth.csproj", "{CAB21B94-EDB3-4501-B404-509FD3E4A7C9}"
EndProject
Global
	GlobalSection(SolutionConfigurationPlatforms) = preSolution
		Debug|Any CPU = Debug|Any CPU
		Release|Any CPU = Release|Any CPU
	EndGlobalSection
	GlobalSection(ProjectConfigurationPlatforms) = postSolution
		{CAB21B94-EDB3-4501-B404-509FD3E4A7C9}.Debug|Any CPU.ActiveCfg = Debug|Any CPU
		{CAB21B94-EDB3-4501-B404-509FD3E4A7C9}.Debug|Any CPU.Build.0 = Debug|Any CPU
		{CAB21B94-EDB3-4501-B404-509FD3E4A7C9}.Release|Any CPU.ActiveCfg = Release|Any CPU
		{CAB21B94-EDB3-4501-B404-509FD3E4A7C9}.Release|Any CPU.Build.0 = Release|Any CPU
	EndGlobalSection
	GlobalSection(SolutionProperties) = preSolution
		HideSolutionNode = FALSE
	EndGlobalSection
	GlobalSection(ExtensibilityGlobals) = postSolution
		SolutionGuid = {ACA4702C-BF68-44F3-AFE8-50286C81C0AC}
	EndGlobalSection
EndGlobal
