
Microsoft Visual Studio Solution File, Format Version 12.00
# Visual Studio Version 17
VisualStudioVersion = 17.10.34928.147
MinimumVisualStudioVersion = 10.0.40219.1
Project("{FAE04EC0-301F-11D3-BF4B-00C04F79EFBC}") = "CCA2", "CCA2\CCA2.csproj", "{87EF4888-785C-4315-A9A3-CF47ECE4F66D}"
EndProject
Global
	GlobalSection(SolutionConfigurationPlatforms) = preSolution
		Debug|Any CPU = Debug|Any CPU
		Release|Any CPU = Release|Any CPU
	EndGlobalSection
	GlobalSection(ProjectConfigurationPlatforms) = postSolution
		{87EF4888-785C-4315-A9A3-CF47ECE4F66D}.Debug|Any CPU.ActiveCfg = Debug|Any CPU
		{87EF4888-785C-4315-A9A3-CF47ECE4F66D}.Debug|Any CPU.Build.0 = Debug|Any CPU
		{87EF4888-785C-4315-A9A3-CF47ECE4F66D}.Release|Any CPU.ActiveCfg = Release|Any CPU
		{87EF4888-785C-4315-A9A3-CF47ECE4F66D}.Release|Any CPU.Build.0 = Release|Any CPU
	EndGlobalSection
	GlobalSection(SolutionProperties) = preSolution
		HideSolutionNode = FALSE
	EndGlobalSection
	GlobalSection(ExtensibilityGlobals) = postSolution
		SolutionGuid = {D464B8D6-1C0D-4A2A-B571-D74F94B2CA19}
	EndGlobalSection
EndGlobal
