
Microsoft Visual Studio Solution File, Format Version 12.00
# Visual Studio Version 17
VisualStudioVersion = 17.10.34928.147
MinimumVisualStudioVersion = 10.0.40219.1
Project("{FAE04EC0-301F-11D3-BF4B-00C04F79EFBC}") = "Saledetails which has data members", "Saledetails which has data members\Saledetails which has data members.csproj", "{0AB231FF-581B-41B1-9FC0-DAE1C3664B29}"
EndProject
Global
	GlobalSection(SolutionConfigurationPlatforms) = preSolution
		Debug|Any CPU = Debug|Any CPU
		Release|Any CPU = Release|Any CPU
	EndGlobalSection
	GlobalSection(ProjectConfigurationPlatforms) = postSolution
		{0AB231FF-581B-41B1-9FC0-DAE1C3664B29}.Debug|Any CPU.ActiveCfg = Debug|Any CPU
		{0AB231FF-581B-41B1-9FC0-DAE1C3664B29}.Debug|Any CPU.Build.0 = Debug|Any CPU
		{0AB231FF-581B-41B1-9FC0-DAE1C3664B29}.Release|Any CPU.ActiveCfg = Release|Any CPU
		{0AB231FF-581B-41B1-9FC0-DAE1C3664B29}.Release|Any CPU.Build.0 = Release|Any CPU
	EndGlobalSection
	GlobalSection(SolutionProperties) = preSolution
		HideSolutionNode = FALSE
	EndGlobalSection
	GlobalSection(ExtensibilityGlobals) = postSolution
		SolutionGuid = {2075B9B0-7865-41F4-A0D8-BD97F36838F8}
	EndGlobalSection
EndGlobal
