
Microsoft Visual Studio Solution File, Format Version 12.00
# Visual Studio Version 17
VisualStudioVersion = 17.10.34928.147
MinimumVisualStudioVersion = 10.0.40219.1
Project("{FAE04EC0-301F-11D3-BF4B-00C04F79EFBC}") = "Day_2_3 assignment", "Day_2_3 assignment\Day_2_3 assignment.csproj", "{88022D1E-2BED-4C6F-BD0B-58E51B1B7CF3}"
EndProject
Global
	GlobalSection(SolutionConfigurationPlatforms) = preSolution
		Debug|Any CPU = Debug|Any CPU
		Release|Any CPU = Release|Any CPU
	EndGlobalSection
	GlobalSection(ProjectConfigurationPlatforms) = postSolution
		{88022D1E-2BED-4C6F-BD0B-58E51B1B7CF3}.Debug|Any CPU.ActiveCfg = Debug|Any CPU
		{88022D1E-2BED-4C6F-BD0B-58E51B1B7CF3}.Debug|Any CPU.Build.0 = Debug|Any CPU
		{88022D1E-2BED-4C6F-BD0B-58E51B1B7CF3}.Release|Any CPU.ActiveCfg = Release|Any CPU
		{88022D1E-2BED-4C6F-BD0B-58E51B1B7CF3}.Release|Any CPU.Build.0 = Release|Any CPU
	EndGlobalSection
	GlobalSection(SolutionProperties) = preSolution
		HideSolutionNode = FALSE
	EndGlobalSection
	GlobalSection(ExtensibilityGlobals) = postSolution
		SolutionGuid = {C245484E-2051-41A7-A96B-CC25F7E12968}
	EndGlobalSection
EndGlobal
