
Microsoft Visual Studio Solution File, Format Version 12.00
# Visual Studio Version 17
VisualStudioVersion = 17.10.34928.147
MinimumVisualStudioVersion = 10.0.40219.1
Project("{FAE04EC0-301F-11D3-BF4B-00C04F79EFBC}") = "List Of Employees", "List Of Employees\List Of Employees.csproj", "{771092D2-4C06-4186-B0BF-4B0F34F2FBD8}"
EndProject
Global
	GlobalSection(SolutionConfigurationPlatforms) = preSolution
		Debug|Any CPU = Debug|Any CPU
		Release|Any CPU = Release|Any CPU
	EndGlobalSection
	GlobalSection(ProjectConfigurationPlatforms) = postSolution
		{771092D2-4C06-4186-B0BF-4B0F34F2FBD8}.Debug|Any CPU.ActiveCfg = Debug|Any CPU
		{771092D2-4C06-4186-B0BF-4B0F34F2FBD8}.Debug|Any CPU.Build.0 = Debug|Any CPU
		{771092D2-4C06-4186-B0BF-4B0F34F2FBD8}.Release|Any CPU.ActiveCfg = Release|Any CPU
		{771092D2-4C06-4186-B0BF-4B0F34F2FBD8}.Release|Any CPU.Build.0 = Release|Any CPU
	EndGlobalSection
	GlobalSection(SolutionProperties) = preSolution
		HideSolutionNode = FALSE
	EndGlobalSection
	GlobalSection(ExtensibilityGlobals) = postSolution
		SolutionGuid = {423B13A9-7C3F-4FDD-86C6-CC9BA3FFA82A}
	EndGlobalSection
EndGlobal
