
Microsoft Visual Studio Solution File, Format Version 12.00
# Visual Studio Version 17
VisualStudioVersion = 17.10.34928.147
MinimumVisualStudioVersion = 10.0.40219.1
Project("{FAE04EC0-301F-11D3-BF4B-00C04F79EFBC}") = "Day_5_6 assignment", "Day_5_6 assignment\Day_5_6 assignment.csproj", "{A9C34818-CBCE-4853-A0F5-9D7DE810BF05}"
EndProject
Global
	GlobalSection(SolutionConfigurationPlatforms) = preSolution
		Debug|Any CPU = Debug|Any CPU
		Release|Any CPU = Release|Any CPU
	EndGlobalSection
	GlobalSection(ProjectConfigurationPlatforms) = postSolution
		{A9C34818-CBCE-4853-A0F5-9D7DE810BF05}.Debug|Any CPU.ActiveCfg = Debug|Any CPU
		{A9C34818-CBCE-4853-A0F5-9D7DE810BF05}.Debug|Any CPU.Build.0 = Debug|Any CPU
		{A9C34818-CBCE-4853-A0F5-9D7DE810BF05}.Release|Any CPU.ActiveCfg = Release|Any CPU
		{A9C34818-CBCE-4853-A0F5-9D7DE810BF05}.Release|Any CPU.Build.0 = Release|Any CPU
	EndGlobalSection
	GlobalSection(SolutionProperties) = preSolution
		HideSolutionNode = FALSE
	EndGlobalSection
	GlobalSection(ExtensibilityGlobals) = postSolution
		SolutionGuid = {16DB0E65-0689-4B16-AF74-509334CF1337}
	EndGlobalSection
EndGlobal
